
Microsoft Visual Studio Solution File, Format Version 12.00
# Visual Studio Version 17
VisualStudioVersion = 17.10.35122.118
MinimumVisualStudioVersion = 10.0.40219.1
Project("{FAE04EC0-301F-11D3-BF4B-00C04F79EFBC}") = "Challenge.API", "Challenge.API.csproj", "{DB3CEF26-8C26-41EF-8A2A-C66C46B5C70F}"
EndProject
Global
	GlobalSection(SolutionConfigurationPlatforms) = preSolution
		Debug|Any CPU = Debug|Any CPU
		Release|Any CPU = Release|Any CPU
	EndGlobalSection
	GlobalSection(ProjectConfigurationPlatforms) = postSolution
		{DB3CEF26-8C26-41EF-8A2A-C66C46B5C70F}.Debug|Any CPU.ActiveCfg = Debug|Any CPU
		{DB3CEF26-8C26-41EF-8A2A-C66C46B5C70F}.Debug|Any CPU.Build.0 = Debug|Any CPU
		{DB3CEF26-8C26-41EF-8A2A-C66C46B5C70F}.Release|Any CPU.ActiveCfg = Release|Any CPU
		{DB3CEF26-8C26-41EF-8A2A-C66C46B5C70F}.Release|Any CPU.Build.0 = Release|Any CPU
	EndGlobalSection
	GlobalSection(SolutionProperties) = preSolution
		HideSolutionNode = FALSE
	EndGlobalSection
	GlobalSection(ExtensibilityGlobals) = postSolution
		SolutionGuid = {A8D7007E-C60E-4086-8159-A9467984C704}
	EndGlobalSection
EndGlobal
